
Microsoft Visual Studio Solution File, Format Version 12.00
# Visual Studio Version 16
VisualStudioVersion = 16.0.29306.81
MinimumVisualStudioVersion = 10.0.40219.1
Project("{FAE04EC0-301F-11D3-BF4B-00C04F79EFBC}") = "Triangulo_poo", "Triangulo_poo.csproj", "{B9CE378B-485E-42C7-9164-FC6116ABC029}"
EndProject
Global
	GlobalSection(SolutionConfigurationPlatforms) = preSolution
		Debug|Any CPU = Debug|Any CPU
		Release|Any CPU = Release|Any CPU
	EndGlobalSection
	GlobalSection(ProjectConfigurationPlatforms) = postSolution
		{B9CE378B-485E-42C7-9164-FC6116ABC029}.Debug|Any CPU.ActiveCfg = Debug|Any CPU
		{B9CE378B-485E-42C7-9164-FC6116ABC029}.Debug|Any CPU.Build.0 = Debug|Any CPU
		{B9CE378B-485E-42C7-9164-FC6116ABC029}.Release|Any CPU.ActiveCfg = Release|Any CPU
		{B9CE378B-485E-42C7-9164-FC6116ABC029}.Release|Any CPU.Build.0 = Release|Any CPU
	EndGlobalSection
	GlobalSection(SolutionProperties) = preSolution
		HideSolutionNode = FALSE
	EndGlobalSection
	GlobalSection(ExtensibilityGlobals) = postSolution
		SolutionGuid = {5095D9C7-7C0F-4ABB-B16A-3CD02A4A0C81}
	EndGlobalSection
EndGlobal
